
Microsoft Visual Studio Solution File, Format Version 12.00
# Visual Studio Version 17
VisualStudioVersion = 17.13.35825.156 d17.13
MinimumVisualStudioVersion = 10.0.40219.1
Project("{FAE04EC0-301F-11D3-BF4B-00C04F79EFBC}") = "bdDevCRM.UI", "bdDevCRM.UI\bdDevCRM.UI.csproj", "{551E2EA1-97AD-4E6E-9695-D4AF290E4145}"
EndProject
Global
	GlobalSection(SolutionConfigurationPlatforms) = preSolution
		Debug|Any CPU = Debug|Any CPU
		Release|Any CPU = Release|Any CPU
	EndGlobalSection
	GlobalSection(ProjectConfigurationPlatforms) = postSolution
		{551E2EA1-97AD-4E6E-9695-D4AF290E4145}.Debug|Any CPU.ActiveCfg = Debug|Any CPU
		{551E2EA1-97AD-4E6E-9695-D4AF290E4145}.Debug|Any CPU.Build.0 = Debug|Any CPU
		{551E2EA1-97AD-4E6E-9695-D4AF290E4145}.Release|Any CPU.ActiveCfg = Release|Any CPU
		{551E2EA1-97AD-4E6E-9695-D4AF290E4145}.Release|Any CPU.Build.0 = Release|Any CPU
	EndGlobalSection
	GlobalSection(SolutionProperties) = preSolution
		HideSolutionNode = FALSE
	EndGlobalSection
	GlobalSection(ExtensibilityGlobals) = postSolution
		SolutionGuid = {60242F1C-9137-449A-95A0-B1D23D2250AE}
	EndGlobalSection
EndGlobal
